
Microsoft Visual Studio Solution File, Format Version 12.00
# Visual Studio Express 2013 for Web
VisualStudioVersion = 12.0.30723.0
MinimumVisualStudioVersion = 10.0.40219.1
Project("{FAE04EC0-301F-11D3-BF4B-00C04F79EFBC}") = "NHtmlUnit.PortlessWebHost", "NHtmlUnit.PortlessWebHost\NHtmlUnit.PortlessWebHost.csproj", "{558A3804-CE76-44BE-969B-C984F723E86C}"
EndProject
Project("{FAE04EC0-301F-11D3-BF4B-00C04F79EFBC}") = "NHtmlUnit.PortlessWebHost.TestWebSite", "NHtmlUnit.PortlessWebHost.TestWebSite\NHtmlUnit.PortlessWebHost.TestWebSite.csproj", "{A0EC76F5-9C40-4E7C-8D6F-E7575F61AC54}"
EndProject
Project("{FAE04EC0-301F-11D3-BF4B-00C04F79EFBC}") = "NHtmlUnit.PortlessWebHost.Tests", "NHtmlUnit.PortlessWebHost.Tests\NHtmlUnit.PortlessWebHost.Tests.csproj", "{A070E475-9C60-4840-93DE-B10833E26831}"
EndProject
Global
	GlobalSection(SolutionConfigurationPlatforms) = preSolution
		Debug|Any CPU = Debug|Any CPU
		Release|Any CPU = Release|Any CPU
	EndGlobalSection
	GlobalSection(ProjectConfigurationPlatforms) = postSolution
		{558A3804-CE76-44BE-969B-C984F723E86C}.Debug|Any CPU.ActiveCfg = Debug|Any CPU
		{558A3804-CE76-44BE-969B-C984F723E86C}.Debug|Any CPU.Build.0 = Debug|Any CPU
		{558A3804-CE76-44BE-969B-C984F723E86C}.Release|Any CPU.ActiveCfg = Release|Any CPU
		{558A3804-CE76-44BE-969B-C984F723E86C}.Release|Any CPU.Build.0 = Release|Any CPU
		{A0EC76F5-9C40-4E7C-8D6F-E7575F61AC54}.Debug|Any CPU.ActiveCfg = Debug|Any CPU
		{A0EC76F5-9C40-4E7C-8D6F-E7575F61AC54}.Debug|Any CPU.Build.0 = Debug|Any CPU
		{A0EC76F5-9C40-4E7C-8D6F-E7575F61AC54}.Release|Any CPU.ActiveCfg = Release|Any CPU
		{A0EC76F5-9C40-4E7C-8D6F-E7575F61AC54}.Release|Any CPU.Build.0 = Release|Any CPU
		{A070E475-9C60-4840-93DE-B10833E26831}.Debug|Any CPU.ActiveCfg = Debug|Any CPU
		{A070E475-9C60-4840-93DE-B10833E26831}.Debug|Any CPU.Build.0 = Debug|Any CPU
		{A070E475-9C60-4840-93DE-B10833E26831}.Release|Any CPU.ActiveCfg = Release|Any CPU
		{A070E475-9C60-4840-93DE-B10833E26831}.Release|Any CPU.Build.0 = Release|Any CPU
	EndGlobalSection
	GlobalSection(SolutionProperties) = preSolution
		HideSolutionNode = FALSE
	EndGlobalSection
EndGlobal
